
Microsoft Visual Studio Solution File, Format Version 12.00
# Visual Studio Version 16
VisualStudioVersion = 16.0.30611.23
MinimumVisualStudioVersion = 10.0.40219.1
Project("{FAE04EC0-301F-11D3-BF4B-00C04F79EFBC}") = "Practica.POO", "Practica.POO\Practica.POO.csproj", "{CD3F315C-8F0C-4C15-9A67-796CDA9C56BB}"
EndProject
Project("{FAE04EC0-301F-11D3-BF4B-00C04F79EFBC}") = "Practica.Exceptions", "Practica.Exceptions\Practica.Exceptions.csproj", "{8B770B3F-25BF-4E97-AF1E-91AC16A5E475}"
EndProject
Global
	GlobalSection(SolutionConfigurationPlatforms) = preSolution
		Debug|Any CPU = Debug|Any CPU
		Release|Any CPU = Release|Any CPU
	EndGlobalSection
	GlobalSection(ProjectConfigurationPlatforms) = postSolution
		{CD3F315C-8F0C-4C15-9A67-796CDA9C56BB}.Debug|Any CPU.ActiveCfg = Debug|Any CPU
		{CD3F315C-8F0C-4C15-9A67-796CDA9C56BB}.Debug|Any CPU.Build.0 = Debug|Any CPU
		{CD3F315C-8F0C-4C15-9A67-796CDA9C56BB}.Release|Any CPU.ActiveCfg = Release|Any CPU
		{CD3F315C-8F0C-4C15-9A67-796CDA9C56BB}.Release|Any CPU.Build.0 = Release|Any CPU
		{8B770B3F-25BF-4E97-AF1E-91AC16A5E475}.Debug|Any CPU.ActiveCfg = Debug|Any CPU
		{8B770B3F-25BF-4E97-AF1E-91AC16A5E475}.Debug|Any CPU.Build.0 = Debug|Any CPU
		{8B770B3F-25BF-4E97-AF1E-91AC16A5E475}.Release|Any CPU.ActiveCfg = Release|Any CPU
		{8B770B3F-25BF-4E97-AF1E-91AC16A5E475}.Release|Any CPU.Build.0 = Release|Any CPU
	EndGlobalSection
	GlobalSection(SolutionProperties) = preSolution
		HideSolutionNode = FALSE
	EndGlobalSection
	GlobalSection(ExtensibilityGlobals) = postSolution
		SolutionGuid = {3CA75963-55D9-48D8-A87D-F9DDFF21636C}
	EndGlobalSection
EndGlobal
